
Microsoft Visual Studio Solution File, Format Version 12.00
# Visual Studio Version 17
VisualStudioVersion = 17.5.33516.290
MinimumVisualStudioVersion = 10.0.40219.1
Project("{FAE04EC0-301F-11D3-BF4B-00C04F79EFBC}") = "ConsoleApp1", "ConsoleApp1\ConsoleApp1.csproj", "{E73770B2-C46B-4821-A23C-EC371653883B}"
EndProject
Global
	GlobalSection(SolutionConfigurationPlatforms) = preSolution
		Debug|Any CPU = Debug|Any CPU
		Release|Any CPU = Release|Any CPU
	EndGlobalSection
	GlobalSection(ProjectConfigurationPlatforms) = postSolution
		{E73770B2-C46B-4821-A23C-EC371653883B}.Debug|Any CPU.ActiveCfg = Debug|Any CPU
		{E73770B2-C46B-4821-A23C-EC371653883B}.Debug|Any CPU.Build.0 = Debug|Any CPU
		{E73770B2-C46B-4821-A23C-EC371653883B}.Release|Any CPU.ActiveCfg = Release|Any CPU
		{E73770B2-C46B-4821-A23C-EC371653883B}.Release|Any CPU.Build.0 = Release|Any CPU
	EndGlobalSection
	GlobalSection(SolutionProperties) = preSolution
		HideSolutionNode = FALSE
	EndGlobalSection
	GlobalSection(ExtensibilityGlobals) = postSolution
		SolutionGuid = {EB072721-52C2-4123-BCD0-AB681A40C1E0}
	EndGlobalSection
EndGlobal
